
Microsoft Visual Studio Solution File, Format Version 12.00
Project("{FAE04EC0-301F-11D3-BF4B-00C04F79EFBC}") = "warmUp", "warmUp\warmUp.csproj", "{0E864B95-8CD6-4786-9372-97943154CDDB}"
EndProject
Global
	GlobalSection(SolutionConfigurationPlatforms) = preSolution
		Debug|Any CPU = Debug|Any CPU
		Release|Any CPU = Release|Any CPU
	EndGlobalSection
	GlobalSection(ProjectConfigurationPlatforms) = postSolution
		{0E864B95-8CD6-4786-9372-97943154CDDB}.Debug|Any CPU.ActiveCfg = Debug|Any CPU
		{0E864B95-8CD6-4786-9372-97943154CDDB}.Debug|Any CPU.Build.0 = Debug|Any CPU
		{0E864B95-8CD6-4786-9372-97943154CDDB}.Release|Any CPU.ActiveCfg = Release|Any CPU
		{0E864B95-8CD6-4786-9372-97943154CDDB}.Release|Any CPU.Build.0 = Release|Any CPU
	EndGlobalSection
EndGlobal
